# This file is automatically @generated by Cargo.
# It is not intended for manual editing.
version = 3

[[package]]
name = "cards"
version = "0.1.0"

[[package]]
name = "engine"
version = "0.1.0"

[[package]]
name = "events"
version = "0.1.0"

[[package]]
name = "game_client"
version = "0.1.0"

[[package]]
name = "game_runner"
version = "0.1.0"

[[package]]
name = "websocket_console_client"
version = "0.1.0"

[[package]]
name = "websocket_server"
version = "0.1.0"
